
Microsoft Visual Studio Solution File, Format Version 12.00
# Visual Studio Version 16
VisualStudioVersion = 16.0.32602.291
MinimumVisualStudioVersion = 10.0.40219.1
Project("{F184B08F-C81C-45F6-A57F-5ABD9991F28F}") = "실습2-1", "실습2-1.vbproj", "{EA8420DD-AD84-43E3-B15C-FDC9A34C7859}"
EndProject
Global
	GlobalSection(SolutionConfigurationPlatforms) = preSolution
		Debug|Any CPU = Debug|Any CPU
		Release|Any CPU = Release|Any CPU
	EndGlobalSection
	GlobalSection(ProjectConfigurationPlatforms) = postSolution
		{EA8420DD-AD84-43E3-B15C-FDC9A34C7859}.Debug|Any CPU.ActiveCfg = Debug|Any CPU
		{EA8420DD-AD84-43E3-B15C-FDC9A34C7859}.Debug|Any CPU.Build.0 = Debug|Any CPU
		{EA8420DD-AD84-43E3-B15C-FDC9A34C7859}.Release|Any CPU.ActiveCfg = Release|Any CPU
		{EA8420DD-AD84-43E3-B15C-FDC9A34C7859}.Release|Any CPU.Build.0 = Release|Any CPU
	EndGlobalSection
	GlobalSection(SolutionProperties) = preSolution
		HideSolutionNode = FALSE
	EndGlobalSection
	GlobalSection(ExtensibilityGlobals) = postSolution
		SolutionGuid = {2DF09967-12B3-43AD-A2E1-5B64C3D6EB78}
	EndGlobalSection
EndGlobal
